
Microsoft Visual Studio Solution File, Format Version 12.00
# Visual Studio 14
VisualStudioVersion = 14.0.25420.1
MinimumVisualStudioVersion = 10.0.40219.1
Project("{FAE04EC0-301F-11D3-BF4B-00C04F79EFBC}") = "bracketAPI", "bracketAPI\bracketAPI.csproj", "{3690E804-C968-4E19-A234-D713C54ECE83}"
EndProject
Project("{FAE04EC0-301F-11D3-BF4B-00C04F79EFBC}") = "Sandbox", "Sandbox\Sandbox.csproj", "{B96F0B74-F812-4C16-85D4-AF5FB49CE791}"
	ProjectSection(ProjectDependencies) = postProject
		{3690E804-C968-4E19-A234-D713C54ECE83} = {3690E804-C968-4E19-A234-D713C54ECE83}
	EndProjectSection
EndProject
Global
	GlobalSection(SolutionConfigurationPlatforms) = preSolution
		Debug|Any CPU = Debug|Any CPU
		Release|Any CPU = Release|Any CPU
	EndGlobalSection
	GlobalSection(ProjectConfigurationPlatforms) = postSolution
		{3690E804-C968-4E19-A234-D713C54ECE83}.Debug|Any CPU.ActiveCfg = Debug|Any CPU
		{3690E804-C968-4E19-A234-D713C54ECE83}.Debug|Any CPU.Build.0 = Debug|Any CPU
		{3690E804-C968-4E19-A234-D713C54ECE83}.Release|Any CPU.ActiveCfg = Release|Any CPU
		{3690E804-C968-4E19-A234-D713C54ECE83}.Release|Any CPU.Build.0 = Release|Any CPU
		{B96F0B74-F812-4C16-85D4-AF5FB49CE791}.Debug|Any CPU.ActiveCfg = Debug|Any CPU
		{B96F0B74-F812-4C16-85D4-AF5FB49CE791}.Debug|Any CPU.Build.0 = Debug|Any CPU
		{B96F0B74-F812-4C16-85D4-AF5FB49CE791}.Release|Any CPU.ActiveCfg = Release|Any CPU
		{B96F0B74-F812-4C16-85D4-AF5FB49CE791}.Release|Any CPU.Build.0 = Release|Any CPU
	EndGlobalSection
	GlobalSection(SolutionProperties) = preSolution
		HideSolutionNode = FALSE
	EndGlobalSection
EndGlobal
